// !$*UTF8*$!
{
	archiveVersion = 1;
	classes = {
	};
	objectVersion = 50;
	objects = {

/* Begin PBXBuildFile section */
		E8AB12401F54EDFEFB5AEB4E /* Pods_Makestagram.framework in Frameworks */ = {isa = PBXBuildFile; fileRef = 0554B10CFB2F045DD96A9166 /* Pods_Makestagram.framework */; };
		FC0484B220F40A5F00B76191 /* AppDelegate.swift in Sources */ = {isa = PBXBuildFile; fileRef = FC0484B120F40A5F00B76191 /* AppDelegate.swift */; };
		FC0484B420F40A5F00B76191 /* ViewController.swift in Sources */ = {isa = PBXBuildFile; fileRef = FC0484B320F40A5F00B76191 /* ViewController.swift */; };
		FC0484B720F40A6000B76191 /* Main.storyboard in Resources */ = {isa = PBXBuildFile; fileRef = FC0484B520F40A6000B76191 /* Main.storyboard */; };
		FC0484B920F40A7700B76191 /* Assets.xcassets in Resources */ = {isa = PBXBuildFile; fileRef = FC0484B820F40A7700B76191 /* Assets.xcassets */; };
		FC0484BC20F40A7700B76191 /* LaunchScreen.storyboard in Resources */ = {isa = PBXBuildFile; fileRef = FC0484BA20F40A7700B76191 /* LaunchScreen.storyboard */; };
		FC0484D220F4228800B76191 /* Login.storyboard in Resources */ = {isa = PBXBuildFile; fileRef = FC0484D120F4228700B76191 /* Login.storyboard */; };
		FC0484D420F423E200B76191 /* LoginViewController.swift in Sources */ = {isa = PBXBuildFile; fileRef = FC0484D320F423E200B76191 /* LoginViewController.swift */; };
		FC0484D820F42A9800B76191 /* GoogleService-Info.plist in Resources */ = {isa = PBXBuildFile; fileRef = FC0484D720F42A9800B76191 /* GoogleService-Info.plist */; };
		FC343BC820F66CBE00BC2754 /* CreateUsernameViewController.swift in Sources */ = {isa = PBXBuildFile; fileRef = FC343BC720F66CBE00BC2754 /* CreateUsernameViewController.swift */; };
		FC39709220F576B50023F8D3 /* User.swift in Sources */ = {isa = PBXBuildFile; fileRef = FC39709120F576B50023F8D3 /* User.swift */; };
/* End PBXBuildFile section */

/* Begin PBXFileReference section */
		0554B10CFB2F045DD96A9166 /* Pods_Makestagram.framework */ = {isa = PBXFileReference; explicitFileType = wrapper.framework; includeInIndex = 0; path = Pods_Makestagram.framework; sourceTree = BUILT_PRODUCTS_DIR; };
		287E655FAD79E2531A30C8D1 /* Pods-Makestagram.release.xcconfig */ = {isa = PBXFileReference; includeInIndex = 1; lastKnownFileType = text.xcconfig; name = "Pods-Makestagram.release.xcconfig"; path = "Pods/Target Support Files/Pods-Makestagram/Pods-Makestagram.release.xcconfig"; sourceTree = "<group>"; };
		E29A345C02FD77BA43F818B2 /* Pods-Makestagram.debug.xcconfig */ = {isa = PBXFileReference; includeInIndex = 1; lastKnownFileType = text.xcconfig; name = "Pods-Makestagram.debug.xcconfig"; path = "Pods/Target Support Files/Pods-Makestagram/Pods-Makestagram.debug.xcconfig"; sourceTree = "<group>"; };
		FC0484AE20F40A5F00B76191 /* Makestagram.app */ = {isa = PBXFileReference; explicitFileType = wrapper.application; includeInIndex = 0; path = Makestagram.app; sourceTree = BUILT_PRODUCTS_DIR; };
		FC0484B120F40A5F00B76191 /* AppDelegate.swift */ = {isa = PBXFileReference; lastKnownFileType = sourcecode.swift; path = AppDelegate.swift; sourceTree = "<group>"; };
		FC0484B320F40A5F00B76191 /* ViewController.swift */ = {isa = PBXFileReference; lastKnownFileType = sourcecode.swift; path = ViewController.swift; sourceTree = "<group>"; };
		FC0484B620F40A6000B76191 /* Base */ = {isa = PBXFileReference; lastKnownFileType = file.storyboard; name = Base; path = Base.lproj/Main.storyboard; sourceTree = "<group>"; };
		FC0484B820F40A7700B76191 /* Assets.xcassets */ = {isa = PBXFileReference; lastKnownFileType = folder.assetcatalog; path = Assets.xcassets; sourceTree = "<group>"; };
		FC0484BB20F40A7700B76191 /* Base */ = {isa = PBXFileReference; lastKnownFileType = file.storyboard; name = Base; path = Base.lproj/LaunchScreen.storyboard; sourceTree = "<group>"; };
		FC0484BD20F40A7700B76191 /* Info.plist */ = {isa = PBXFileReference; lastKnownFileType = text.plist.xml; path = Info.plist; sourceTree = "<group>"; };
		FC0484D120F4228700B76191 /* Login.storyboard */ = {isa = PBXFileReference; lastKnownFileType = file.storyboard; path = Login.storyboard; sourceTree = "<group>"; };
		FC0484D320F423E200B76191 /* LoginViewController.swift */ = {isa = PBXFileReference; lastKnownFileType = sourcecode.swift; path = LoginViewController.swift; sourceTree = "<group>"; };
		FC0484D720F42A9800B76191 /* GoogleService-Info.plist */ = {isa = PBXFileReference; fileEncoding = 4; lastKnownFileType = text.plist.xml; path = "GoogleService-Info.plist"; sourceTree = "<group>"; };
		FC343BC720F66CBE00BC2754 /* CreateUsernameViewController.swift */ = {isa = PBXFileReference; lastKnownFileType = sourcecode.swift; path = CreateUsernameViewController.swift; sourceTree = "<group>"; };
		FC39709120F576B50023F8D3 /* User.swift */ = {isa = PBXFileReference; lastKnownFileType = sourcecode.swift; path = User.swift; sourceTree = "<group>"; };
/* End PBXFileReference section */

/* Begin PBXFrameworksBuildPhase section */
		FC0484AB20F40A5F00B76191 /* Frameworks */ = {
			isa = PBXFrameworksBuildPhase;
			buildActionMask = 2147483647;
			files = (
				E8AB12401F54EDFEFB5AEB4E /* Pods_Makestagram.framework in Frameworks */,
			);
			runOnlyForDeploymentPostprocessing = 0;
		};
/* End PBXFrameworksBuildPhase section */

/* Begin PBXGroup section */
		38D31753F642FE1ACFC4F5A4 /* Frameworks */ = {
			isa = PBXGroup;
			children = (
				0554B10CFB2F045DD96A9166 /* Pods_Makestagram.framework */,
			);
			name = Frameworks;
			sourceTree = "<group>";
		};
		44FFB77B9381CCFB28C0365D /* Pods */ = {
			isa = PBXGroup;
			children = (
				E29A345C02FD77BA43F818B2 /* Pods-Makestagram.debug.xcconfig */,
				287E655FAD79E2531A30C8D1 /* Pods-Makestagram.release.xcconfig */,
			);
			name = Pods;
			sourceTree = "<group>";
		};
		FC0484A520F40A5F00B76191 = {
			isa = PBXGroup;
			children = (
				FC0484B020F40A5F00B76191 /* Makestagram */,
				FC0484AF20F40A5F00B76191 /* Products */,
				44FFB77B9381CCFB28C0365D /* Pods */,
				38D31753F642FE1ACFC4F5A4 /* Frameworks */,
			);
			sourceTree = "<group>";
		};
		FC0484AF20F40A5F00B76191 /* Products */ = {
			isa = PBXGroup;
			children = (
				FC0484AE20F40A5F00B76191 /* Makestagram.app */,
			);
			name = Products;
			sourceTree = "<group>";
		};
		FC0484B020F40A5F00B76191 /* Makestagram */ = {
			isa = PBXGroup;
			children = (
				FC0484B120F40A5F00B76191 /* AppDelegate.swift */,
				FC0484CE20F4180200B76191 /* Views */,
				FC0484CD20F417FC00B76191 /* Supporting */,
				FC0484CC20F417F400B76191 /* Storyboards */,
				FC0484CB20F417EC00B76191 /* Services */,
				FC0484CA20F417DC00B76191 /* Models */,
				FC0484C920F417C800B76191 /* Helpers */,
				FC0484C820F417BE00B76191 /* Extensions */,
				FC0484C720F417A800B76191 /* Controllers */,
				FC0484B820F40A7700B76191 /* Assets.xcassets */,
			);
			path = Makestagram;
			sourceTree = "<group>";
		};
		FC0484C720F417A800B76191 /* Controllers */ = {
			isa = PBXGroup;
			children = (
				FC0484B320F40A5F00B76191 /* ViewController.swift */,
				FC0484D320F423E200B76191 /* LoginViewController.swift */,
				FC343BC720F66CBE00BC2754 /* CreateUsernameViewController.swift */,
			);
			path = Controllers;
			sourceTree = "<group>";
		};
		FC0484C820F417BE00B76191 /* Extensions */ = {
			isa = PBXGroup;
			children = (
			);
			path = Extensions;
			sourceTree = "<group>";
		};
		FC0484C920F417C800B76191 /* Helpers */ = {
			isa = PBXGroup;
			children = (
			);
			path = Helpers;
			sourceTree = "<group>";
		};
		FC0484CA20F417DC00B76191 /* Models */ = {
			isa = PBXGroup;
			children = (
				FC39709120F576B50023F8D3 /* User.swift */,
			);
			path = Models;
			sourceTree = "<group>";
		};
		FC0484CB20F417EC00B76191 /* Services */ = {
			isa = PBXGroup;
			children = (
			);
			path = Services;
			sourceTree = "<group>";
		};
		FC0484CC20F417F400B76191 /* Storyboards */ = {
			isa = PBXGroup;
			children = (
				FC0484B520F40A6000B76191 /* Main.storyboard */,
				FC0484BA20F40A7700B76191 /* LaunchScreen.storyboard */,
				FC0484D120F4228700B76191 /* Login.storyboard */,
			);
			path = Storyboards;
			sourceTree = "<group>";
		};
		FC0484CD20F417FC00B76191 /* Supporting */ = {
			isa = PBXGroup;
			children = (
				FC0484D720F42A9800B76191 /* GoogleService-Info.plist */,
				FC0484BD20F40A7700B76191 /* Info.plist */,
			);
			path = Supporting;
			sourceTree = "<group>";
		};
		FC0484CE20F4180200B76191 /* Views */ = {
			isa = PBXGroup;
			children = (
			);
			path = Views;
			sourceTree = "<group>";
		};
/* End PBXGroup section */

/* Begin PBXNativeTarget section */
		FC0484AD20F40A5F00B76191 /* Makestagram */ = {
			isa = PBXNativeTarget;
			buildConfigurationList = FC0484C020F40A7700B76191 /* Build configuration list for PBXNativeTarget "Makestagram" */;
			buildPhases = (
				C6CE5B36801D93AEDDB53E2B /* [CP] Check Pods Manifest.lock */,
				FC0484AA20F40A5F00B76191 /* Sources */,
				FC0484AB20F40A5F00B76191 /* Frameworks */,
				FC0484AC20F40A5F00B76191 /* Resources */,
				8C41B82C5D95C36B71933D8C /* [CP] Embed Pods Frameworks */,
				110761043ED9F659E2922EEC /* [CP] Copy Pods Resources */,
			);
			buildRules = (
			);
			dependencies = (
			);
			name = Makestagram;
			productName = Makestagram;
			productReference = FC0484AE20F40A5F00B76191 /* Makestagram.app */;
			productType = "com.apple.product-type.application";
		};
/* End PBXNativeTarget section */

/* Begin PBXProject section */
		FC0484A620F40A5F00B76191 /* Project object */ = {
			isa = PBXProject;
			attributes = {
				LastSwiftUpdateCheck = 0940;
				LastUpgradeCheck = 0940;
				ORGANIZATIONNAME = "Simone Chan";
				TargetAttributes = {
					FC0484AD20F40A5F00B76191 = {
						CreatedOnToolsVersion = 9.4.1;
					};
				};
			};
			buildConfigurationList = FC0484A920F40A5F00B76191 /* Build configuration list for PBXProject "Makestagram" */;
			compatibilityVersion = "Xcode 9.3";
			developmentRegion = en;
			hasScannedForEncodings = 0;
			knownRegions = (
				en,
				Base,
			);
			mainGroup = FC0484A520F40A5F00B76191;
			productRefGroup = FC0484AF20F40A5F00B76191 /* Products */;
			projectDirPath = "";
			projectRoot = "";
			targets = (
				FC0484AD20F40A5F00B76191 /* Makestagram */,
			);
		};
/* End PBXProject section */

/* Begin PBXResourcesBuildPhase section */
		FC0484AC20F40A5F00B76191 /* Resources */ = {
			isa = PBXResourcesBuildPhase;
			buildActionMask = 2147483647;
			files = (
				FC0484D220F4228800B76191 /* Login.storyboard in Resources */,
				FC0484BC20F40A7700B76191 /* LaunchScreen.storyboard in Resources */,
				FC0484D820F42A9800B76191 /* GoogleService-Info.plist in Resources */,
				FC0484B920F40A7700B76191 /* Assets.xcassets in Resources */,
				FC0484B720F40A6000B76191 /* Main.storyboard in Resources */,
			);
			runOnlyForDeploymentPostprocessing = 0;
		};
/* End PBXResourcesBuildPhase section */

/* Begin PBXShellScriptBuildPhase section */
		110761043ED9F659E2922EEC /* [CP] Copy Pods Resources */ = {
			isa = PBXShellScriptBuildPhase;
			buildActionMask = 2147483647;
			files = (
			);
			inputPaths = (
				"${SRCROOT}/Pods/Target Support Files/Pods-Makestagram/Pods-Makestagram-resources.sh",
				"${PODS_CONFIGURATION_BUILD_DIR}/FirebaseUI/FirebaseAuthUI.bundle",
			);
			name = "[CP] Copy Pods Resources";
			outputPaths = (
				"${TARGET_BUILD_DIR}/${UNLOCALIZED_RESOURCES_FOLDER_PATH}/FirebaseAuthUI.bundle",
			);
			runOnlyForDeploymentPostprocessing = 0;
			shellPath = /bin/sh;
			shellScript = "\"${SRCROOT}/Pods/Target Support Files/Pods-Makestagram/Pods-Makestagram-resources.sh\"\n";
			showEnvVarsInLog = 0;
		};
		8C41B82C5D95C36B71933D8C /* [CP] Embed Pods Frameworks */ = {
			isa = PBXShellScriptBuildPhase;
			buildActionMask = 2147483647;
			files = (
			);
			inputPaths = (
				"${SRCROOT}/Pods/Target Support Files/Pods-Makestagram/Pods-Makestagram-frameworks.sh",
				"${BUILT_PRODUCTS_DIR}/GTMSessionFetcher/GTMSessionFetcher.framework",
				"${BUILT_PRODUCTS_DIR}/GoogleToolboxForMac/GoogleToolboxForMac.framework",
				"${BUILT_PRODUCTS_DIR}/leveldb-library/leveldb.framework",
				"${BUILT_PRODUCTS_DIR}/nanopb/nanopb.framework",
			);
			name = "[CP] Embed Pods Frameworks";
			outputPaths = (
				"${TARGET_BUILD_DIR}/${FRAMEWORKS_FOLDER_PATH}/GTMSessionFetcher.framework",
				"${TARGET_BUILD_DIR}/${FRAMEWORKS_FOLDER_PATH}/GoogleToolboxForMac.framework",
				"${TARGET_BUILD_DIR}/${FRAMEWORKS_FOLDER_PATH}/leveldb.framework",
				"${TARGET_BUILD_DIR}/${FRAMEWORKS_FOLDER_PATH}/nanopb.framework",
			);
			runOnlyForDeploymentPostprocessing = 0;
			shellPath = /bin/sh;
			shellScript = "\"${SRCROOT}/Pods/Target Support Files/Pods-Makestagram/Pods-Makestagram-frameworks.sh\"\n";
			showEnvVarsInLog = 0;
		};
		C6CE5B36801D93AEDDB53E2B /* [CP] Check Pods Manifest.lock */ = {
			isa = PBXShellScriptBuildPhase;
			buildActionMask = 2147483647;
			files = (
			);
			inputPaths = (
				"${PODS_PODFILE_DIR_PATH}/Podfile.lock",
				"${PODS_ROOT}/Manifest.lock",
			);
			name = "[CP] Check Pods Manifest.lock";
			outputPaths = (
				"$(DERIVED_FILE_DIR)/Pods-Makestagram-checkManifestLockResult.txt",
			);
			runOnlyForDeploymentPostprocessing = 0;
			shellPath = /bin/sh;
			shellScript = "diff \"${PODS_PODFILE_DIR_PATH}/Podfile.lock\" \"${PODS_ROOT}/Manifest.lock\" > /dev/null\nif [ $? != 0 ] ; then\n    # print error to STDERR\n    echo \"error: The sandbox is not in sync with the Podfile.lock. Run 'pod install' or update your CocoaPods installation.\" >&2\n    exit 1\nfi\n# This output is used by Xcode 'outputs' to avoid re-running this script phase.\necho \"SUCCESS\" > \"${SCRIPT_OUTPUT_FILE_0}\"\n";
			showEnvVarsInLog = 0;
		};
/* End PBXShellScriptBuildPhase section */

/* Begin PBXSourcesBuildPhase section */
		FC0484AA20F40A5F00B76191 /* Sources */ = {
			isa = PBXSourcesBuildPhase;
			buildActionMask = 2147483647;
			files = (
				FC39709220F576B50023F8D3 /* User.swift in Sources */,
				FC0484D420F423E200B76191 /* LoginViewController.swift in Sources */,
				FC0484B420F40A5F00B76191 /* ViewController.swift in Sources */,
				FC343BC820F66CBE00BC2754 /* CreateUsernameViewController.swift in Sources */,
				FC0484B220F40A5F00B76191 /* AppDelegate.swift in Sources */,
			);
			runOnlyForDeploymentPostprocessing = 0;
		};
/* End PBXSourcesBuildPhase section */

/* Begin PBXVariantGroup section */
		FC0484B520F40A6000B76191 /* Main.storyboard */ = {
			isa = PBXVariantGroup;
			children = (
				FC0484B620F40A6000B76191 /* Base */,
			);
			name = Main.storyboard;
			sourceTree = "<group>";
		};
		FC0484BA20F40A7700B76191 /* LaunchScreen.storyboard */ = {
			isa = PBXVariantGroup;
			children = (
				FC0484BB20F40A7700B76191 /* Base */,
			);
			name = LaunchScreen.storyboard;
			sourceTree = "<group>";
		};
/* End PBXVariantGroup section */

/* Begin XCBuildConfiguration section */
		FC0484BE20F40A7700B76191 /* Debug */ = {
			isa = XCBuildConfiguration;
			buildSettings = {
				ALWAYS_SEARCH_USER_PATHS = NO;
				CLANG_ANALYZER_NONNULL = YES;
				CLANG_ANALYZER_NUMBER_OBJECT_CONVERSION = YES_AGGRESSIVE;
				CLANG_CXX_LANGUAGE_STANDARD = "gnu++14";
				CLANG_CXX_LIBRARY = "libc++";
				CLANG_ENABLE_MODULES = YES;
				CLANG_ENABLE_OBJC_ARC = YES;
				CLANG_ENABLE_OBJC_WEAK = YES;
				CLANG_WARN_BLOCK_CAPTURE_AUTORELEASING = YES;
				CLANG_WARN_BOOL_CONVERSION = YES;
				CLANG_WARN_COMMA = YES;
				CLANG_WARN_CONSTANT_CONVERSION = YES;
				CLANG_WARN_DEPRECATED_OBJC_IMPLEMENTATIONS = YES;
				CLANG_WARN_DIRECT_OBJC_ISA_USAGE = YES_ERROR;
				CLANG_WARN_DOCUMENTATION_COMMENTS = YES;
				CLANG_WARN_EMPTY_BODY = YES;
				CLANG_WARN_ENUM_CONVERSION = YES;
				CLANG_WARN_INFINITE_RECURSION = YES;
				CLANG_WARN_INT_CONVERSION = YES;
				CLANG_WARN_NON_LITERAL_NULL_CONVERSION = YES;
				CLANG_WARN_OBJC_IMPLICIT_RETAIN_SELF = YES;
				CLANG_WARN_OBJC_LITERAL_CONVERSION = YES;
				CLANG_WARN_OBJC_ROOT_CLASS = YES_ERROR;
				CLANG_WARN_RANGE_LOOP_ANALYSIS = YES;
				CLANG_WARN_STRICT_PROTOTYPES = YES;
				CLANG_WARN_SUSPICIOUS_MOVE = YES;
				CLANG_WARN_UNGUARDED_AVAILABILITY = YES_AGGRESSIVE;
				CLANG_WARN_UNREACHABLE_CODE = YES;
				CLANG_WARN__DUPLICATE_METHOD_MATCH = YES;
				CODE_SIGN_IDENTITY = "iPhone Developer";
				COPY_PHASE_STRIP = NO;
				DEBUG_INFORMATION_FORMAT = dwarf;
				ENABLE_STRICT_OBJC_MSGSEND = YES;
				ENABLE_TESTABILITY = YES;
				GCC_C_LANGUAGE_STANDARD = gnu11;
				GCC_DYNAMIC_NO_PIC = NO;
				GCC_NO_COMMON_BLOCKS = YES;
				GCC_OPTIMIZATION_LEVEL = 0;
				GCC_PREPROCESSOR_DEFINITIONS = (
					"DEBUG=1",
					"$(inherited)",
				);
				GCC_WARN_64_TO_32_BIT_CONVERSION = YES;
				GCC_WARN_ABOUT_RETURN_TYPE = YES_ERROR;
				GCC_WARN_UNDECLARED_SELECTOR = YES;
				GCC_WARN_UNINITIALIZED_AUTOS = YES_AGGRESSIVE;
				GCC_WARN_UNUSED_FUNCTION = YES;
				GCC_WARN_UNUSED_VARIABLE = YES;
				IPHONEOS_DEPLOYMENT_TARGET = 11.4;
				MTL_ENABLE_DEBUG_INFO = YES;
				ONLY_ACTIVE_ARCH = YES;
				SDKROOT = iphoneos;
				SWIFT_ACTIVE_COMPILATION_CONDITIONS = DEBUG;
				SWIFT_OPTIMIZATION_LEVEL = "-Onone";
			};
			name = Debug;
		};
		FC0484BF20F40A7700B76191 /* Release */ = {
			isa = XCBuildConfiguration;
			buildSettings = {
				ALWAYS_SEARCH_USER_PATHS = NO;
				CLANG_ANALYZER_NONNULL = YES;
				CLANG_ANALYZER_NUMBER_OBJECT_CONVERSION = YES_AGGRESSIVE;
				CLANG_CXX_LANGUAGE_STANDARD = "gnu++14";
				CLANG_CXX_LIBRARY = "libc++";
				CLANG_ENABLE_MODULES = YES;
				CLANG_ENABLE_OBJC_ARC = YES;
				CLANG_ENABLE_OBJC_WEAK = YES;
				CLANG_WARN_BLOCK_CAPTURE_AUTORELEASING = YES;
				CLANG_WARN_BOOL_CONVERSION = YES;
				CLANG_WARN_COMMA = YES;
				CLANG_WARN_CONSTANT_CONVERSION = YES;
				CLANG_WARN_DEPRECATED_OBJC_IMPLEMENTATIONS = YES;
				CLANG_WARN_DIRECT_OBJC_ISA_USAGE = YES_ERROR;
				CLANG_WARN_DOCUMENTATION_COMMENTS = YES;
				CLANG_WARN_EMPTY_BODY = YES;
				CLANG_WARN_ENUM_CONVERSION = YES;
				CLANG_WARN_INFINITE_RECURSION = YES;
				CLANG_WARN_INT_CONVERSION = YES;
				CLANG_WARN_NON_LITERAL_NULL_CONVERSION = YES;
				CLANG_WARN_OBJC_IMPLICIT_RETAIN_SELF = YES;
				CLANG_WARN_OBJC_LITERAL_CONVERSION = YES;
				CLANG_WARN_OBJC_ROOT_CLASS = YES_ERROR;
				CLANG_WARN_RANGE_LOOP_ANALYSIS = YES;
				CLANG_WARN_STRICT_PROTOTYPES = YES;
				CLANG_WARN_SUSPICIOUS_MOVE = YES;
				CLANG_WARN_UNGUARDED_AVAILABILITY = YES_AGGRESSIVE;
				CLANG_WARN_UNREACHABLE_CODE = YES;
				CLANG_WARN__DUPLICATE_METHOD_MATCH = YES;
				CODE_SIGN_IDENTITY = "iPhone Developer";
				COPY_PHASE_STRIP = NO;
				DEBUG_INFORMATION_FORMAT = "dwarf-with-dsym";
				ENABLE_NS_ASSERTIONS = NO;
				ENABLE_STRICT_OBJC_MSGSEND = YES;
				GCC_C_LANGUAGE_STANDARD = gnu11;
				GCC_NO_COMMON_BLOCKS = YES;
				GCC_WARN_64_TO_32_BIT_CONVERSION = YES;
				GCC_WARN_ABOUT_RETURN_TYPE = YES_ERROR;
				GCC_WARN_UNDECLARED_SELECTOR = YES;
				GCC_WARN_UNINITIALIZED_AUTOS = YES_AGGRESSIVE;
				GCC_WARN_UNUSED_FUNCTION = YES;
				GCC_WARN_UNUSED_VARIABLE = YES;
				IPHONEOS_DEPLOYMENT_TARGET = 11.4;
				MTL_ENABLE_DEBUG_INFO = NO;
				SDKROOT = iphoneos;
				SWIFT_COMPILATION_MODE = wholemodule;
				SWIFT_OPTIMIZATION_LEVEL = "-O";
				VALIDATE_PRODUCT = YES;
			};
			name = Release;
		};
		FC0484C120F40A7700B76191 /* Debug */ = {
			isa = XCBuildConfiguration;
			baseConfigurationReference = E29A345C02FD77BA43F818B2 /* Pods-Makestagram.debug.xcconfig */;
			buildSettings = {
				ASSETCATALOG_COMPILER_APPICON_NAME = AppIcon;
				CODE_SIGN_STYLE = Automatic;
				DEVELOPMENT_TEAM = 96FN5M759B;
				INFOPLIST_FILE = "$(SRCROOT)/Makestagram/Supporting/Info.plist";
				LD_RUNPATH_SEARCH_PATHS = (
					"$(inherited)",
					"@executable_path/Frameworks",
				);
				PRODUCT_BUNDLE_IDENTIFIER = "com.simone-chan.Makestagram";
				PRODUCT_NAME = "$(TARGET_NAME)";
				SWIFT_VERSION = 4.0;
				TARGETED_DEVICE_FAMILY = "1,2";
			};
			name = Debug;
		};
		FC0484C220F40A7700B76191 /* Release */ = {
			isa = XCBuildConfiguration;
			baseConfigurationReference = 287E655FAD79E2531A30C8D1 /* Pods-Makestagram.release.xcconfig */;
			buildSettings = {
				ASSETCATALOG_COMPILER_APPICON_NAME = AppIcon;
				CODE_SIGN_STYLE = Automatic;
				DEVELOPMENT_TEAM = 96FN5M759B;
				INFOPLIST_FILE = "$(SRCROOT)/Makestagram/Supporting/Info.plist";
				LD_RUNPATH_SEARCH_PATHS = (
					"$(inherited)",
					"@executable_path/Frameworks",
				);
				PRODUCT_BUNDLE_IDENTIFIER = "com.simone-chan.Makestagram";
				PRODUCT_NAME = "$(TARGET_NAME)";
				SWIFT_VERSION = 4.0;
				TARGETED_DEVICE_FAMILY = "1,2";
			};
			name = Release;
		};
/* End XCBuildConfiguration section */

/* Begin XCConfigurationList section */
		FC0484A920F40A5F00B76191 /* Build configuration list for PBXProject "Makestagram" */ = {
			isa = XCConfigurationList;
			buildConfigurations = (
				FC0484BE20F40A7700B76191 /* Debug */,
				FC0484BF20F40A7700B76191 /* Release */,
			);
			defaultConfigurationIsVisible = 0;
			defaultConfigurationName = Release;
		};
		FC0484C020F40A7700B76191 /* Build configuration list for PBXNativeTarget "Makestagram" */ = {
			isa = XCConfigurationList;
			buildConfigurations = (
				FC0484C120F40A7700B76191 /* Debug */,
				FC0484C220F40A7700B76191 /* Release */,
			);
			defaultConfigurationIsVisible = 0;
			defaultConfigurationName = Release;
		};
/* End XCConfigurationList section */
	};
	rootObject = FC0484A620F40A5F00B76191 /* Project object */;
}
